
Microsoft Visual Studio Solution File, Format Version 12.00
# Visual Studio 15
VisualStudioVersion = 15.0.27004.2006
MinimumVisualStudioVersion = 10.0.40219.1
Project("{9A19103F-16F7-4668-BE54-9A1E7A4F7556}") = "Likvido.CreditRisk.Infrastructure", "Likvido.CreditRisk.Infrastructure\Likvido.CreditRisk.Infrastructure.csproj", "{3E4E5FF6-945C-49A9-8356-C0F5502922AC}"
EndProject
Project("{9A19103F-16F7-4668-BE54-9A1E7A4F7556}") = "Likvido.CreditRisk.ElasticSearch", "Likvido.CreditRisk.ElasticSearch\Likvido.CreditRisk.ElasticSearch.csproj", "{41713A14-2EB6-4802-8B9A-1C51AFF66CF4}"
EndProject
Project("{9A19103F-16F7-4668-BE54-9A1E7A4F7556}") = "Likvido.CreditRisk.ElasticSearch.Abstraction", "Likvido.CreditRisk.ElasticSearch.Abstraction\Likvido.CreditRisk.ElasticSearch.Abstraction.csproj", "{2ECBEE23-8356-46BF-8445-927704DC3EE4}"
EndProject
Project("{9A19103F-16F7-4668-BE54-9A1E7A4F7556}") = "Likvido.CreditRisk", "Likvido.CreditRisk\Likvido.CreditRisk.csproj", "{5F6FA4FD-ABF6-4AA4-881F-AB8F245D9E74}"
EndProject
Project("{9A19103F-16F7-4668-BE54-9A1E7A4F7556}") = "Likvido.CreditRisk.Services", "Likvido.CreditRisk.Services\Likvido.CreditRisk.Services.csproj", "{566D3677-2B8A-49EE-B38C-3BDEEE7B8CBF}"
EndProject
Project("{9A19103F-16F7-4668-BE54-9A1E7A4F7556}") = "Likvido.CreditRisk.Services.Abstraction", "Likvido.CreditRisk.Services.Abstraction\Likvido.CreditRisk.Services.Abstraction.csproj", "{B85268DA-DD4C-44F0-BFA7-2A7000B29DD1}"
EndProject
Project("{9A19103F-16F7-4668-BE54-9A1E7A4F7556}") = "Likvido.CreditRisk.Domain", "Likvido.CreditRisk.Domain\Likvido.CreditRisk.Domain.csproj", "{367BE2A7-9F65-403C-AA4B-17C65345DD3E}"
EndProject
Project("{9A19103F-16F7-4668-BE54-9A1E7A4F7556}") = "Likvido.CreditRisk.Utils", "Likvido.CreditRisk.Utils\Likvido.CreditRisk.Utils.csproj", "{5B280ED2-EA70-420D-834D-88860BA5BC88}"
EndProject
Project("{9A19103F-16F7-4668-BE54-9A1E7A4F7556}") = "Likvido.CreditRisk.DataAccess", "Likvido.CreditRisk.DataAccess\Likvido.CreditRisk.DataAccess.csproj", "{94469B43-CC46-4CC7-8614-D5CE6A64EDF7}"
EndProject
Project("{9A19103F-16F7-4668-BE54-9A1E7A4F7556}") = "Likvido.CreditRisk.DataAccess.Abstraction", "Likvido.CreditRisk.DataAccess.Abstraction\Likvido.CreditRisk.DataAccess.Abstraction.csproj", "{A6F29316-F376-42B3-8677-315442245BC4}"
EndProject
Project("{2150E333-8FDC-42A3-9474-1A3956D46DE8}") = "tests", "tests", "{1BA58E05-687B-4F29-AF08-30AB8E9F802D}"
EndProject
Project("{9A19103F-16F7-4668-BE54-9A1E7A4F7556}") = "Likvido.CreditRisk.Services.Tests", "Likvido.CreditRisk.Services.Tests\Likvido.CreditRisk.Services.Tests.csproj", "{D068834C-E70A-4066-9721-1BCD3BA33622}"
EndProject
Project("{9A19103F-16F7-4668-BE54-9A1E7A4F7556}") = "Likvido.CreditRisk.DataAccess.Tests", "Likvido.CreditRisk.DataAccess.Tests\Likvido.CreditRisk.DataAccess.Tests.csproj", "{034F22BD-2C48-4F31-8FCE-AA4CE7D4A291}"
EndProject
Global
	GlobalSection(SolutionConfigurationPlatforms) = preSolution
		Debug|Any CPU = Debug|Any CPU
		Release|Any CPU = Release|Any CPU
	EndGlobalSection
	GlobalSection(ProjectConfigurationPlatforms) = postSolution
		{3E4E5FF6-945C-49A9-8356-C0F5502922AC}.Debug|Any CPU.ActiveCfg = Debug|Any CPU
		{3E4E5FF6-945C-49A9-8356-C0F5502922AC}.Debug|Any CPU.Build.0 = Debug|Any CPU
		{3E4E5FF6-945C-49A9-8356-C0F5502922AC}.Release|Any CPU.ActiveCfg = Release|Any CPU
		{3E4E5FF6-945C-49A9-8356-C0F5502922AC}.Release|Any CPU.Build.0 = Release|Any CPU
		{41713A14-2EB6-4802-8B9A-1C51AFF66CF4}.Debug|Any CPU.ActiveCfg = Debug|Any CPU
		{41713A14-2EB6-4802-8B9A-1C51AFF66CF4}.Debug|Any CPU.Build.0 = Debug|Any CPU
		{41713A14-2EB6-4802-8B9A-1C51AFF66CF4}.Release|Any CPU.ActiveCfg = Release|Any CPU
		{41713A14-2EB6-4802-8B9A-1C51AFF66CF4}.Release|Any CPU.Build.0 = Release|Any CPU
		{2ECBEE23-8356-46BF-8445-927704DC3EE4}.Debug|Any CPU.ActiveCfg = Debug|Any CPU
		{2ECBEE23-8356-46BF-8445-927704DC3EE4}.Debug|Any CPU.Build.0 = Debug|Any CPU
		{2ECBEE23-8356-46BF-8445-927704DC3EE4}.Release|Any CPU.ActiveCfg = Release|Any CPU
		{2ECBEE23-8356-46BF-8445-927704DC3EE4}.Release|Any CPU.Build.0 = Release|Any CPU
		{5F6FA4FD-ABF6-4AA4-881F-AB8F245D9E74}.Debug|Any CPU.ActiveCfg = Debug|Any CPU
		{5F6FA4FD-ABF6-4AA4-881F-AB8F245D9E74}.Debug|Any CPU.Build.0 = Debug|Any CPU
		{5F6FA4FD-ABF6-4AA4-881F-AB8F245D9E74}.Release|Any CPU.ActiveCfg = Release|Any CPU
		{5F6FA4FD-ABF6-4AA4-881F-AB8F245D9E74}.Release|Any CPU.Build.0 = Release|Any CPU
		{566D3677-2B8A-49EE-B38C-3BDEEE7B8CBF}.Debug|Any CPU.ActiveCfg = Debug|Any CPU
		{566D3677-2B8A-49EE-B38C-3BDEEE7B8CBF}.Debug|Any CPU.Build.0 = Debug|Any CPU
		{566D3677-2B8A-49EE-B38C-3BDEEE7B8CBF}.Release|Any CPU.ActiveCfg = Release|Any CPU
		{566D3677-2B8A-49EE-B38C-3BDEEE7B8CBF}.Release|Any CPU.Build.0 = Release|Any CPU
		{B85268DA-DD4C-44F0-BFA7-2A7000B29DD1}.Debug|Any CPU.ActiveCfg = Debug|Any CPU
		{B85268DA-DD4C-44F0-BFA7-2A7000B29DD1}.Debug|Any CPU.Build.0 = Debug|Any CPU
		{B85268DA-DD4C-44F0-BFA7-2A7000B29DD1}.Release|Any CPU.ActiveCfg = Release|Any CPU
		{B85268DA-DD4C-44F0-BFA7-2A7000B29DD1}.Release|Any CPU.Build.0 = Release|Any CPU
		{367BE2A7-9F65-403C-AA4B-17C65345DD3E}.Debug|Any CPU.ActiveCfg = Debug|Any CPU
		{367BE2A7-9F65-403C-AA4B-17C65345DD3E}.Debug|Any CPU.Build.0 = Debug|Any CPU
		{367BE2A7-9F65-403C-AA4B-17C65345DD3E}.Release|Any CPU.ActiveCfg = Release|Any CPU
		{367BE2A7-9F65-403C-AA4B-17C65345DD3E}.Release|Any CPU.Build.0 = Release|Any CPU
		{5B280ED2-EA70-420D-834D-88860BA5BC88}.Debug|Any CPU.ActiveCfg = Debug|Any CPU
		{5B280ED2-EA70-420D-834D-88860BA5BC88}.Debug|Any CPU.Build.0 = Debug|Any CPU
		{5B280ED2-EA70-420D-834D-88860BA5BC88}.Release|Any CPU.ActiveCfg = Release|Any CPU
		{5B280ED2-EA70-420D-834D-88860BA5BC88}.Release|Any CPU.Build.0 = Release|Any CPU
		{94469B43-CC46-4CC7-8614-D5CE6A64EDF7}.Debug|Any CPU.ActiveCfg = Debug|Any CPU
		{94469B43-CC46-4CC7-8614-D5CE6A64EDF7}.Debug|Any CPU.Build.0 = Debug|Any CPU
		{94469B43-CC46-4CC7-8614-D5CE6A64EDF7}.Release|Any CPU.ActiveCfg = Release|Any CPU
		{94469B43-CC46-4CC7-8614-D5CE6A64EDF7}.Release|Any CPU.Build.0 = Release|Any CPU
		{A6F29316-F376-42B3-8677-315442245BC4}.Debug|Any CPU.ActiveCfg = Debug|Any CPU
		{A6F29316-F376-42B3-8677-315442245BC4}.Debug|Any CPU.Build.0 = Debug|Any CPU
		{A6F29316-F376-42B3-8677-315442245BC4}.Release|Any CPU.ActiveCfg = Release|Any CPU
		{A6F29316-F376-42B3-8677-315442245BC4}.Release|Any CPU.Build.0 = Release|Any CPU
		{D068834C-E70A-4066-9721-1BCD3BA33622}.Debug|Any CPU.ActiveCfg = Debug|Any CPU
		{D068834C-E70A-4066-9721-1BCD3BA33622}.Debug|Any CPU.Build.0 = Debug|Any CPU
		{D068834C-E70A-4066-9721-1BCD3BA33622}.Release|Any CPU.ActiveCfg = Release|Any CPU
		{D068834C-E70A-4066-9721-1BCD3BA33622}.Release|Any CPU.Build.0 = Release|Any CPU
		{034F22BD-2C48-4F31-8FCE-AA4CE7D4A291}.Debug|Any CPU.ActiveCfg = Debug|Any CPU
		{034F22BD-2C48-4F31-8FCE-AA4CE7D4A291}.Debug|Any CPU.Build.0 = Debug|Any CPU
		{034F22BD-2C48-4F31-8FCE-AA4CE7D4A291}.Release|Any CPU.ActiveCfg = Release|Any CPU
		{034F22BD-2C48-4F31-8FCE-AA4CE7D4A291}.Release|Any CPU.Build.0 = Release|Any CPU
	EndGlobalSection
	GlobalSection(SolutionProperties) = preSolution
		HideSolutionNode = FALSE
	EndGlobalSection
	GlobalSection(NestedProjects) = preSolution
		{D068834C-E70A-4066-9721-1BCD3BA33622} = {1BA58E05-687B-4F29-AF08-30AB8E9F802D}
		{034F22BD-2C48-4F31-8FCE-AA4CE7D4A291} = {1BA58E05-687B-4F29-AF08-30AB8E9F802D}
	EndGlobalSection
	GlobalSection(ExtensibilityGlobals) = postSolution
		SolutionGuid = {69162B6C-902C-45C3-A943-A823D28BE423}
	EndGlobalSection
EndGlobal
